github.com/pefish/go-reflect v0.0.2 h1:t6G1dW4qUt1fRNSI2pUG6BnuBmYBie6RmbqR5k2+l3A=
github.com/pefish/go-reflect v0.0.2/go.mod h1:lv3gz/Zh2FsqCq8jqzdCgYpoM41AjE90HtknRbkXhjQ=
github.com/pefish/go-reflect v0.0.3 h1:VybCShzI0EbvlcqaebdlqEC/F5fP8beRuNpr/Ia+cr8=
github.com/pefish/go-reflect v0.0.3/go.mod h1:lv3gz/Zh2FsqCq8jqzdCgYpoM41AjE90HtknRbkXhjQ=
github.com/pefish/go-reflect v0.0.4 h1:qj1TiWIz/xetfKrc40eyXQaIerC1cTKAOZgVXi7V8Qs=
github.com/pefish/go-reflect v0.0.4/go.mod h1:lv3gz/Zh2FsqCq8jqzdCgYpoM41AjE90HtknRbkXhjQ=
