github.com/pefish/go-reflect v0.0.2 h1:t6G1dW4qUt1fRNSI2pUG6BnuBmYBie6RmbqR5k2+l3A=
github.com/pefish/go-reflect v0.0.2/go.mod h1:lv3gz/Zh2FsqCq8jqzdCgYpoM41AjE90HtknRbkXhjQ=
github.com/shopspring/decimal v0.0.0-20180709203117-cd690d0c9e24 h1:pntxY8Ary0t43dCZ5dqY4YTJCObLY1kIXl0uzMv+7DE=
github.com/shopspring/decimal v0.0.0-20180709203117-cd690d0c9e24/go.mod h1:M+9NzErvs504Cn4c5DxATwIqPbtswREoFCre64PpcG4=
